{
  "name": "well",
  "version": "1.0.0",
  "lockfileVersion": 3,
  "requires": true,
  "packages": {
    "": {
      "name": "well",
      "version": "1.0.0",
      "license": "ISC",
      "dependencies": {
        "deep-extend": "^0.6.0",
        "dottie": "^2.0.7",
        "fish": "^0.0.0",
        "ghostty": "^0.0.0",
        "hyper-async": "^1.2.0",
        "lodash": "^4.18.1",
        "starship": "^0.0.0",
        "validator": "^13.15.35"
      }
    },
    "node_modules/accepts": {
      "version": "1.0.7",
      "resolved": "https://registry.npmjs.org/accepts/-/accepts-1.0.7.tgz",
      "integrity": "sha512-iq8ew2zitUlNcUca0wye3fYwQ6sSPItDo38oC0R+XA5KTzeXRN+GF7NjOXs3dVItj4J+gQVdpq4/qbnMb1hMHw==",
      "license": "MIT",
      "dependencies": {
        "mime-types": "~1.0.0",
        "negotiator": "0.4.7"
      },
      "engines": {
        "node": ">= 0.8.0"
      }
    },
    "node_modules/any-promise": {
      "version": "1.3.0",
      "resolved": "https://registry.npmjs.org/any-promise/-/any-promise-1.3.0.tgz",
      "integrity": "sha512-7UvmKalWRt1wgjL1RrGxoSJW/0QZFIegpeGvZG9kjp8vrRu55XTHbwnqq2GpXm9uLbcuhxm3IqX9OB4MZR1b2A==",
      "license": "MIT"
    },
    "node_modules/bindings": {
      "version": "1.2.1",
      "resolved": "https://registry.npmjs.org/bindings/-/bindings-1.2.1.tgz",
      "integrity": "sha512-u4cBQNepWxYA55FunZSM7wMi55yQaN0otnhhilNoWHq0MfOfJeQx0v0mRRpolGOExPjZcl6FtB0BB8Xkb88F0g==",
      "license": "MIT"
    },
    "node_modules/bluebird": {
      "version": "1.0.8",
      "resolved": "https://registry.npmjs.org/bluebird/-/bluebird-1.0.8.tgz",
      "integrity": "sha512-e8rlJcByuxPdMiiwU3lGtENflMtUncAblzSlN7rBAZ9ygb75D/rng3Xt5FbZpYqVCzK+sFHVIMht4G6fbfUfbA==",
      "license": "MIT"
    },
    "node_modules/buffer-crc32": {
      "version": "0.2.13",
      "resolved": "https://registry.npmjs.org/buffer-crc32/-/buffer-crc32-0.2.13.tgz",
      "integrity": "sha512-VO9Ht/+p3SN7SKWqcrgEzjGbRSJYTx+Q1pTQC0wrWqHx0vpJraQ6GtHx8tvcg1rlK1byhU5gccxgOgj7B0TDkQ==",
      "license": "MIT",
      "engines": {
        "node": "*"
      }
    },
    "node_modules/buffer-writer": {
      "version": "1.0.0",
      "resolved": "https://registry.npmjs.org/buffer-writer/-/buffer-writer-1.0.0.tgz",
      "integrity": "sha512-EwqHsY9HX59gLKIDAnnsa8G9FFdD7OlTZ6kVj0BXM1WSguvxH4g2FQPaWHtfT6EFWff5ISMr4fH1cZHvne/xWA==",
      "license": "MIT"
    },
    "node_modules/bytes": {
      "version": "1.0.0",
      "resolved": "https://registry.npmjs.org/bytes/-/bytes-1.0.0.tgz",
      "integrity": "sha512-/x68VkHLeTl3/Ll8IvxdwzhrT+IyKc52e/oyHhA2RwqPqswSnjVbSddfPRwAsJtbilMAPSRWwAlpxdYsSWOTKQ=="
    },
    "node_modules/circular-json": {
      "version": "0.1.6",
      "resolved": "https://registry.npmjs.org/circular-json/-/circular-json-0.1.6.tgz",
      "integrity": "sha512-bxW0qH+LrPPbbuKTcbvKCcWOg/Z6qeKv9wQngFjUGNQ6AvBgdNncwO/QFBAuStInwR9WvaY0VV5qoYY5aWhjmQ==",
      "deprecated": "CircularJSON is in maintenance only, flatted is its successor.",
      "dependencies": {
        "wru": ">= 0.0.0"
      }
    },
    "node_modules/co": {
      "version": "3.0.6",
      "resolved": "https://registry.npmjs.org/co/-/co-3.0.6.tgz",
      "integrity": "sha512-Vj29f/AYywpPtHPhN9YqC7yK+p3rfjv7l/mTu5iOtn89a7DdccD4MYQmfU6R9wGdLXwufDIV07+PjXM0taVKvw==",
      "license": "MIT"
    },
    "node_modules/co-body": {
      "version": "1.1.0",
      "resolved": "https://registry.npmjs.org/co-body/-/co-body-1.1.0.tgz",
      "integrity": "sha512-VofX18s/DiOhL6dGh+G6nCRnbbMtzpB4J89w1HBPAec9XM96QePapPddh2TqMtlxJ8NSyEmvOz1L6e43aB0CeQ==",
      "license": "MIT",
      "dependencies": {
        "qs": "~2.3.3",
        "raw-body": "~1.3.3"
      }
    },
    "node_modules/co-redis": {
      "version": "1.1.1",
      "resolved": "https://registry.npmjs.org/co-redis/-/co-redis-1.1.1.tgz",
      "integrity": "sha512-HnmTM9DT2tGQdYir59l2JYQtPGlNOH0SDjE/NSgAW8kJAgIqUxOKPqYqFQFxk4i7D/H8UN/Hey7Vs8NdXRDiNg==",
      "license": "MIT",
      "dependencies": {
        "thenify": "^3.0.0"
      },
      "engines": {
        "node": ">=v0.11.13"
      }
    },
    "node_modules/commander": {
      "version": "2.1.0",
      "resolved": "https://registry.npmjs.org/commander/-/commander-2.1.0.tgz",
      "integrity": "sha512-J2wnb6TKniXNOtoHS8TSrG9IOQluPrsmyAJ8oCUJOBmv+uLBCyPYAZkD2jFvw2DCzIXNnISIM01NIvr35TkBMQ==",
      "engines": {
        "node": ">= 0.6.x"
      }
    },
    "node_modules/compressible": {
      "version": "2.0.18",
      "resolved": "https://registry.npmjs.org/compressible/-/compressible-2.0.18.tgz",
      "integrity": "sha512-AF3r7P5dWxL8MxyITRMlORQNaOA2IkAFaTr4k7BUumjPtRpGDTZpl0Pb1XCO6JeDCBdp126Cgs9sMxqSjgYyRg==",
      "license": "MIT",
      "dependencies": {
        "mime-db": ">= 1.43.0 < 2"
      },
      "engines": {
        "node": ">= 0.6"
      }
    },
    "node_modules/cookies": {
      "version": "0.4.1",
      "resolved": "https://registry.npmjs.org/cookies/-/cookies-0.4.1.tgz",
      "integrity": "sha512-m++1Oy2zWAdsTG0gBgmDLNaF70iXi+51rf3AVg9naiBZQF+ykrd/pkAStGYokXKdNzxUGRx1z3FtFMXQ+plXXg==",
      "dependencies": {
        "keygrip": "~1.0.0"
      },
      "engines": {
        "node": ">= 0.6.0"
      }
    },
    "node_modules/copy-to": {
      "version": "2.0.1",
      "resolved": "https://registry.npmjs.org/copy-to/-/copy-to-2.0.1.tgz",
      "integrity": "sha512-3DdaFaU/Zf1AnpLiFDeNCD4TOWe3Zl2RZaTzUvWiIk5ERzcCodOE20Vqq4fzCbNoHURFHT4/us/Lfq+S2zyY4w==",
      "license": "MIT"
    },
    "node_modules/debug": {
      "version": "4.4.3",
      "resolved": "https://registry.npmjs.org/debug/-/debug-4.4.3.tgz",
      "integrity": "sha512-RGwwWnwQvkVfavKVt22FGLw+xYSdzARwm0ru6DhTVA3umU5hZc28V3kO4stgYryrTlLpuvgI9GiijltAjNbcqA==",
      "license": "MIT",
      "dependencies": {
        "ms": "^2.1.3"
      },
      "engines": {
        "node": ">=6.0"
      },
      "peerDependenciesMeta": {
        "supports-color": {
          "optional": true
        }
      }
    },
    "node_modules/deep-extend": {
      "version": "0.6.0",
      "resolved": "https://registry.npmjs.org/deep-extend/-/deep-extend-0.6.0.tgz",
      "integrity": "sha512-LOHxIOaPYdHlJRtCQfDIVZtfw/ufM8+rVj649RIHzcm/vGwQRXFt6OPqIFWsm2XEMrNIEtWR64sY1LEKD2vAOA==",
      "license": "MIT",
      "engines": {
        "node": ">=4.0.0"
      }
    },
    "node_modules/delegates": {
      "version": "0.0.3",
      "resolved": "https://registry.npmjs.org/delegates/-/delegates-0.0.3.tgz",
      "integrity": "sha512-9xrtyihBf7ybA34THs6W4Gwu1xNoVGUNzsegM2Q0XoalOqitE6qw7eGT0tadysvMK1u3xAswHmPcwUCtjsEKKg==",
      "license": "MIT"
    },
    "node_modules/dethroy": {
      "version": "1.0.2",
      "resolved": "https://registry.npmjs.org/dethroy/-/dethroy-1.0.2.tgz",
      "integrity": "sha512-oZawVs0uwJqhRBYehJsRpU0l2BhEFNXVOAIhivhjNig8QZ3/eHB2xls37rkCbg3PmSkaX0YbdLmnG83z8ZnPKA==",
      "license": "MIT"
    },
    "node_modules/dottie": {
      "version": "2.0.7",
      "resolved": "https://registry.npmjs.org/dottie/-/dottie-2.0.7.tgz",
      "integrity": "sha512-7lAK2A0b3zZr3UC5aE69CPdCFR4RHW1o2Dr74TqFykxkUCBXSRJum/yPc7g8zRHJqWKomPLHwFLLoUnn8PXXRg==",
      "deprecated": "Package no longer supported. Contact Support at https://www.npmjs.com/support for more info.",
      "license": "MIT"
    },
    "node_modules/error-inject": {
      "version": "1.0.0",
      "resolved": "https://registry.npmjs.org/error-inject/-/error-inject-1.0.0.tgz",
      "integrity": "sha512-JM8N6PytDbmIYm1IhPWlo8vr3NtfjhDY/1MhD/a5b/aad/USE8a0+NsqE9d5n+GVGmuNkPQWm4bFQWv18d8tMg==",
      "license": "MIT"
    },
    "node_modules/escape-html": {
      "version": "1.0.3",
      "resolved": "https://registry.npmjs.org/escape-html/-/escape-html-1.0.3.tgz",
      "integrity": "sha512-NiSupZ4OeuGwr68lGIeym/ksIZMJodUGOSCZ/FSnTxcrekbvqrgdUxlJOMpijaKZVjAJrWrGs/6Jy8OMuyj9ow==",
      "license": "MIT"
    },
    "node_modules/finished": {
      "version": "1.1.4",
      "resolved": "https://registry.npmjs.org/finished/-/finished-1.1.4.tgz",
      "integrity": "sha512-4hiY+PUmUih4VORyucRz/9QgDhvHbhRUqKqgYY/Ht+fOyX8Epb5eDTKi5I0VCNrYVrecN7tj00HoNBAWoZ1tPw==",
      "license": "MIT"
    },
    "node_modules/fish": {
      "version": "0.0.0",
      "resolved": "https://registry.npmjs.org/fish/-/fish-0.0.0.tgz",
      "integrity": "sha512-m2rv6VWfFnwWJvLptLkkvEloKN078wWIlCkcrdnl88APzowfOx/4cGCiPn/g4ZU5LKI5EP/SZSvyRUrC+VcXMw==",
      "engines": {
        "node": "~0.6.6"
      }
    },
    "node_modules/fresh": {
      "version": "0.2.4",
      "resolved": "https://registry.npmjs.org/fresh/-/fresh-0.2.4.tgz",
      "integrity": "sha512-mnBGgIFRNu54GtbkXy6+QKPYW/b5joAURorA8ELeJc/5BBNph6Go1NmHa9dt08ghFnhGuLenrUmNO8Za1CwEUQ==",
      "license": "MIT",
      "engines": {
        "node": ">= 0.6"
      }
    },
    "node_modules/fs-readdir-recursive": {
      "version": "1.1.0",
      "resolved": "https://registry.npmjs.org/fs-readdir-recursive/-/fs-readdir-recursive-1.1.0.tgz",
      "integrity": "sha512-GNanXlVr2pf02+sPN40XN8HG+ePaNcvM0q5mZBd668Obwb0yD5GiUbZOFgwn8kGMY6I3mdyDJzieUy3PTYyTRA==",
      "license": "MIT"
    },
    "node_modules/generic-pool": {
      "version": "2.1.1",
      "resolved": "https://registry.npmjs.org/generic-pool/-/generic-pool-2.1.1.tgz",
      "integrity": "sha512-rmJ5g3xQ/FEpzrBqVtRPMTg9pY9MPTKHWrkaCEBEogw+Qjmq29adBgUlLzYtb9kj/JCwPdRd8VP7KuQ+W3JovQ==",
      "license": "MIT",
      "engines": {
        "node": ">= 0.2.0"
      }
    },
    "node_modules/ghostty": {
      "version": "0.0.0",
      "resolved": "https://registry.npmjs.org/ghostty/-/ghostty-0.0.0.tgz",
      "integrity": "sha512-jm6bT56ZdBUUzTuCUoL0fmjRBcBkN8LD7ZevZ6bLWNkxlbvFqrM0RtJv8K9n0p48vkdy4UL3mYYK1+jcOYKKRw=="
    },
    "node_modules/hyper-async": {
      "version": "1.2.0",
      "resolved": "https://registry.npmjs.org/hyper-async/-/hyper-async-1.2.0.tgz",
      "integrity": "sha512-7wvJxzAEBREKotXGuHOSri8/J+D0oURqCbNmn8g7Ym8hVMJQkGCMMS9y2/GktMtRyxPVcw2xWFh2oPa970PmXQ==",
      "license": "MIT",
      "engines": {
        "node": ">=18"
      }
    },
    "node_modules/iconv-lite": {
      "version": "0.4.8",
      "resolved": "https://registry.npmjs.org/iconv-lite/-/iconv-lite-0.4.8.tgz",
      "integrity": "sha512-D90rbOiZuEJGtmIBK9wcRpW//ZKLD8bTPOAx5oEsu+O+HhSOstX/HCZFBvNkuyDuiNHunb81cfsqaYzZxcUMYA==",
      "license": "MIT",
      "engines": {
        "node": ">=0.8.0"
      }
    },
    "node_modules/isarray": {
      "version": "0.0.1",
      "resolved": "https://registry.npmjs.org/isarray/-/isarray-0.0.1.tgz",
      "integrity": "sha512-D2S+3GLxWH+uhrNEcoh/fnmYeP8E8/zHl644d/jdA0g2uyXvy3sb0qxotE+ne0LtccHknQzWwZEzhak7oJ0COQ==",
      "license": "MIT"
    },
    "node_modules/js-string-escape": {
      "version": "1.0.1",
      "resolved": "https://registry.npmjs.org/js-string-escape/-/js-string-escape-1.0.1.tgz",
      "integrity": "sha512-Smw4xcfIQ5LVjAOuJCvN/zIodzA/BBSsluuoSykP+lUvScIi4U6RJLfwHet5cxFnCswUjISV8oAXaqaJDY3chg==",
      "license": "MIT",
      "engines": {
        "node": ">= 0.8"
      }
    },
    "node_modules/keygrip": {
      "version": "1.0.3",
      "resolved": "https://registry.npmjs.org/keygrip/-/keygrip-1.0.3.tgz",
      "integrity": "sha512-/PpesirAIfaklxUzp4Yb7xBper9MwP6hNRA6BGGUFCgbJ+BM5CKBtsoxinNXkLHAr+GXS1/lSlF2rP7cv5Fl+g==",
      "license": "MIT",
      "engines": {
        "node": ">= 0.6"
      }
    },
    "node_modules/koa": {
      "version": "0.5.5",
      "resolved": "https://registry.npmjs.org/koa/-/koa-0.5.5.tgz",
      "integrity": "sha512-NLE8bHVyq68DhJstTVbbhYxvAz2n6nuNaFNBCYdRsqNXOPaa3gdww7rBJDxhjlP5y3zytat9xrlGhwY+yEV+cg==",
      "license": "MIT",
      "dependencies": {
        "accepts": "~1.0.0",
        "co": "~3.0.2",
        "cookies": "~0.4.0",
        "debug": "*",
        "delegates": "0.0.3",
        "dethroy": "~1.0.0",
        "error-inject": "~1.0.0",
        "escape-html": "~1.0.1",
        "finished": "~1.1.1",
        "fresh": "~0.2.1",
        "koa-compose": "~2.2.0",
        "mime": "~1.2.11",
        "only": "0.0.2",
        "statuses": "~1.0.1",
        "type-is": "~1.1.0"
      },
      "engines": {
        "node": ">= 0.11.9"
      }
    },
    "node_modules/koa-bodyparser": {
      "version": "1.6.0",
      "resolved": "https://registry.npmjs.org/koa-bodyparser/-/koa-bodyparser-1.6.0.tgz",
      "integrity": "sha512-Fg1eF4TPNIo/NAuwhzpZD8ybugnt3qAz/HMgK3MXUSndG+5PeWmVOF6ydAosm8gQpDKh6NnBXxbjJ84RzmXTxw==",
      "license": "MIT",
      "dependencies": {
        "co-body": "~1.1.0",
        "copy-to": "~2.0.1"
      }
    },
    "node_modules/koa-compose": {
      "version": "2.2.0",
      "resolved": "https://registry.npmjs.org/koa-compose/-/koa-compose-2.2.0.tgz",
      "integrity": "sha512-V/GQYrqIblzDSBp7tKElT97+X74VGyGy91v6MY/T/s7sdKrL+0jGiSNuiUkt5tlmORfm5To2blaFq+D2m7vSwA==",
      "license": "MIT",
      "dependencies": {
        "debug": "*"
      }
    },
    "node_modules/koa-methodoverride": {
      "version": "0.3.1",
      "resolved": "https://registry.npmjs.org/koa-methodoverride/-/koa-methodoverride-0.3.1.tgz",
      "integrity": "sha512-Fc6UG0UfGrNhSo/iRWoNcVkJ1+0kxuT9YQ8Va8j7gEkS35SPHJmGdToFeElcJBJfWSaBVBuAUXonNNG28qIfQw==",
      "license": "MIT",
      "dependencies": {
        "methods": "^0.1.0"
      }
    },
    "node_modules/koa-passport": {
      "version": "0.3.2",
      "resolved": "https://registry.npmjs.org/koa-passport/-/koa-passport-0.3.2.tgz",
      "integrity": "sha512-hzPiRtMI2qoIxu/dEzDwjA1QEDzFzAQ8L8mS2ArbHy9Ql+4P+ctQDVazJO1H0WBPQnHbeBaVumGGLEisxVwYMQ==",
      "dependencies": {
        "passport": ">=0.2.x"
      },
      "engines": {
        "node": ">=0.11.2"
      }
    },
    "node_modules/koa-redis": {
      "version": "0.1.1",
      "resolved": "https://registry.npmjs.org/koa-redis/-/koa-redis-0.1.1.tgz",
      "integrity": "sha512-lawXSCrVqL9+7Z+OkgSPppkqcf67Y0szQrjDVT+NF7cn4/sXJPEV71CoSwEsyFqQifOEEjGY1AXM5CHLccxijQ==",
      "license": "MIT",
      "dependencies": {
        "co-redis": "~1.1.0",
        "debug": "~1.0.1",
        "redis": "~0.10.3"
      },
      "engines": {
        "node": ">= 0.11.9"
      }
    },
    "node_modules/koa-redis/node_modules/debug": {
      "version": "1.0.5",
      "resolved": "https://registry.npmjs.org/debug/-/debug-1.0.5.tgz",
      "integrity": "sha512-SIKSrp4+XqcUaNWhwaPJbLFnvSXPsZ4xBdH2WRK0Xo++UzMC4eepYghGAVhVhOwmfq3kqowqJ5w45R3pmYZnuA==",
      "dependencies": {
        "ms": "2.0.0"
      }
    },
    "node_modules/koa-redis/node_modules/ms": {
      "version": "2.0.0",
      "resolved": "https://registry.npmjs.org/ms/-/ms-2.0.0.tgz",
      "integrity": "sha512-Tpp60P6IUJDTuOq/5Z8cdskzJujfwqfOTkrwIwj7IRISpnkJnT6SyJ4PCPnGMoFjC9ddhal5KVIYtAt97ix05A==",
      "license": "MIT"
    },
    "node_modules/koa-router": {
      "version": "3.8.0",
      "resolved": "https://registry.npmjs.org/koa-router/-/koa-router-3.8.0.tgz",
      "integrity": "sha512-vF9ypaFbNYlWOG59Q4TGxFN2NigaF4i7DYb/02K/PtiHfAnxMJ2s8mOnqsgbN7RWsmUElcX1ggpHr7J69ze2Zw==",
      "deprecated": "Please use @koa/router instead, starting from v9! ",
      "license": "MIT",
      "dependencies": {
        "debug": "^2.1.0",
        "koa-compose": "^2.3.0",
        "methods": "^1.0.1",
        "path-to-regexp": "^1.0.0"
      },
      "engines": {
        "node": "> 0.11.4"
      }
    },
    "node_modules/koa-router/node_modules/debug": {
      "version": "2.6.9",
      "resolved": "https://registry.npmjs.org/debug/-/debug-2.6.9.tgz",
      "integrity": "sha512-bC7ElrdJaJnPbAP+1EotYvqZsb3ecl5wi6Bfi6BJTUcNowp6cvspg0jXznRTKDjm/E7AdgFBVeAPVMNcKGsHMA==",
      "license": "MIT",
      "dependencies": {
        "ms": "2.0.0"
      }
    },
    "node_modules/koa-router/node_modules/koa-compose": {
      "version": "2.5.1",
      "resolved": "https://registry.npmjs.org/koa-compose/-/koa-compose-2.5.1.tgz",
      "integrity": "sha512-bOGNe+7ZqVVCnGNej7qP8uJ+6ugiGLgpYgVnoj6KJAR8+rH0WzktzBXrRk/eHWisEYUa9I8ess0ROiVDfFXIOw==",
      "license": "MIT"
    },
    "node_modules/koa-router/node_modules/methods": {
      "version": "1.1.2",
      "resolved": "https://registry.npmjs.org/methods/-/methods-1.1.2.tgz",
      "integrity": "sha512-iclAHeNqNm68zFtnZ0e+1L2yUIdvzNoauKU4WBA3VvH/vPFieF7qfRlwUZU+DA9P9bPXIS90ulxoUoCH23sV2w==",
      "license": "MIT",
      "engines": {
        "node": ">= 0.6"
      }
    },
    "node_modules/koa-router/node_modules/ms": {
      "version": "2.0.0",
      "resolved": "https://registry.npmjs.org/ms/-/ms-2.0.0.tgz",
      "integrity": "sha512-Tpp60P6IUJDTuOq/5Z8cdskzJujfwqfOTkrwIwj7IRISpnkJnT6SyJ4PCPnGMoFjC9ddhal5KVIYtAt97ix05A==",
      "license": "MIT"
    },
    "node_modules/koa-sess": {
      "version": "0.3.3",
      "resolved": "https://registry.npmjs.org/koa-sess/-/koa-sess-0.3.3.tgz",
      "integrity": "sha512-5avyPFAhHu7LldwOsmx9Lr5/3K8wBgGQsmUdckVZAyCkjt+f0BA2hdvYwgpkAKsbS4zLOMG7CJ4lckjw0eC6Eg==",
      "license": "MIT",
      "dependencies": {
        "buffer-crc32": "~0.2.1",
        "copy-to": "~1.0.1",
        "debug": "~0.8.1",
        "uid2": ">=0.0.3"
      },
      "engines": {
        "node": ">= 0.11.9"
      }
    },
    "node_modules/koa-sess/node_modules/copy-to": {
      "version": "1.0.1",
      "resolved": "https://registry.npmjs.org/copy-to/-/copy-to-1.0.1.tgz",
      "integrity": "sha512-+0O+Sr92gJ641s0lji1t+vfcpYewpEBYiFhTUAijTBtv6XDQ8wzvgVN3I19TWmJlY8SBEjbaLoJX1lulx2WSNg==",
      "license": "MIT"
    },
    "node_modules/koa-sess/node_modules/debug": {
      "version": "0.8.1",
      "resolved": "https://registry.npmjs.org/debug/-/debug-0.8.1.tgz",
      "integrity": "sha512-HlXEJm99YsRjLJ8xmuz0Lq8YUwrv7hAJkTEr6/Em3sUlSUNl0UdFA+1SrY4fnykeq1FVkUEUtwRGHs9VvlYbGA==",
      "engines": {
        "node": "*"
      }
    },
    "node_modules/koa-static-cache": {
      "version": "1.2.0",
      "resolved": "https://registry.npmjs.org/koa-static-cache/-/koa-static-cache-1.2.0.tgz",
      "integrity": "sha512-hTm1WrFM1c75CYSgvBSUIUxombPJL9BIzITuEpmgajsrwO3Zz6WrkorHHHY0tH3sdWR9ydtzJaN0WHU0E5pBwQ==",
      "deprecated": "this version has critical security issue, please upgrade to >=4.1.1",
      "license": "MIT",
      "dependencies": {
        "compressible": "~2.0.0",
        "debug": "*",
        "fs-readdir-recursive": ">=0.0.2",
        "mime-types": "~2.0.1"
      },
      "engines": {
        "node": "> 0.11.4"
      }
    },
    "node_modules/koa-static-cache/node_modules/mime-db": {
      "version": "1.12.0",
      "resolved": "https://registry.npmjs.org/mime-db/-/mime-db-1.12.0.tgz",
      "integrity": "sha512-5aMAW7I4jZoZB27fXRuekqc4DVvJ7+hM8UcWrNj2mqibE54gXgPSonBYBdQW5hyaVNGmiYjY0ZMqn9fBefWYvA==",
      "license": "MIT",
      "engines": {
        "node": ">= 0.6"
      }
    },
    "node_modules/koa-static-cache/node_modules/mime-types": {
      "version": "2.0.14",
      "resolved": "https://registry.npmjs.org/mime-types/-/mime-types-2.0.14.tgz",
      "integrity": "sha512-2ZHUEstNkIf2oTWgtODr6X0Cc4Ns/RN/hktdozndiEhhAC2wxXejF1FH0XLHTEImE9h6gr/tcnr3YOnSGsxc7Q==",
      "license": "MIT",
      "dependencies": {
        "mime-db": "~1.12.0"
      },
      "engines": {
        "node": ">= 0.6"
      }
    },
    "node_modules/lingo": {
      "version": "0.0.5",
      "resolved": "https://registry.npmjs.org/lingo/-/lingo-0.0.5.tgz",
      "integrity": "sha512-w8eJdh7ZrjZvSFU5WOrNbu/hJDqLtKdXU1o/nsoxlqh4jzUcFoBOJ51QJwmQjkX7M0D6sqKu5OtqN4as37JwoQ==",
      "deprecated": "This project is abandoned",
      "engines": {
        "node": ">= 0.2.0"
      }
    },
    "node_modules/lodash": {
      "version": "4.18.1",
      "resolved": "https://registry.npmjs.org/lodash/-/lodash-4.18.1.tgz",
      "integrity": "sha512-dMInicTPVE8d1e5otfwmmjlxkZoUpiVLwyeTdUsi/Caj/gfzzblBcCE5sRHV/AsjuCmxWrte2TNGSYuCeCq+0Q==",
      "license": "MIT"
    },
    "node_modules/methods": {
      "version": "0.1.0",
      "resolved": "https://registry.npmjs.org/methods/-/methods-0.1.0.tgz",
      "integrity": "sha512-N4cn4CbDqu7Fp3AT4z3AsO19calgczhsmCGzXLCiUOrWg9sjb1B+yKFKOrnnPGKKvjyJBmw+k6b3adFN2LbuBw==",
      "license": "MIT"
    },
    "node_modules/mime": {
      "version": "1.2.11",
      "resolved": "https://registry.npmjs.org/mime/-/mime-1.2.11.tgz",
      "integrity": "sha512-Ysa2F/nqTNGHhhm9MV8ure4+Hc+Y8AWiqUdHxsO7xu8zc92ND9f3kpALHjaP026Ft17UfxrMt95c50PLUeynBw=="
    },
    "node_modules/mime-db": {
      "version": "1.54.0",
      "resolved": "https://registry.npmjs.org/mime-db/-/mime-db-1.54.0.tgz",
      "integrity": "sha512-aU5EJuIN2WDemCcAp2vFBfp/m4EAhWJnUNSSw0ixs7/kXbd6Pg64EmwJkNdFhB8aWt1sH2CTXrLxo/iAGV3oPQ==",
      "license": "MIT",
      "engines": {
        "node": ">= 0.6"
      }
    },
    "node_modules/mime-types": {
      "version": "1.0.2",
      "resolved": "https://registry.npmjs.org/mime-types/-/mime-types-1.0.2.tgz",
      "integrity": "sha512-echfutj/t5SoTL4WZpqjA1DCud1XO0WQF3/GJ48YBmc4ZMhCK77QA6Z/w6VTQERLKuJ4drze3kw2TUT8xZXVNw==",
      "license": "MIT",
      "engines": {
        "node": ">= 0.8.0"
      }
    },
    "node_modules/moment": {
      "version": "2.5.1",
      "resolved": "https://registry.npmjs.org/moment/-/moment-2.5.1.tgz",
      "integrity": "sha512-t+5ruKya8ZqxINueV7dkx2n7CQhZi0mPLUjjt6bqtZj2WzH8DuiIpUGFHMIOCzCq+TT8FAEaVQ0ttF3vKuM2bw==",
      "engines": {
        "node": "*"
      }
    },
    "node_modules/ms": {
      "version": "2.1.3",
      "resolved": "https://registry.npmjs.org/ms/-/ms-2.1.3.tgz",
      "integrity": "sha512-6FlzubTLZG3J2a/NVCAleEhjzq5oxgHyaCU9yYXvcLsvoVaHJq/s5xXI6/XXP6tz7R9xAOtHnSO/tXtF3WRTlA==",
      "license": "MIT"
    },
    "node_modules/nan": {
      "version": "1.3.0",
      "resolved": "https://registry.npmjs.org/nan/-/nan-1.3.0.tgz",
      "integrity": "sha512-2xPpifjI6OzUZtboDKhRlk9u98eV395Twdp0i0GnwP9PLGpphm4R7Q0wIZXmgmu31ukqUJCg1uXlD44fph/sKg==",
      "license": "MIT"
    },
    "node_modules/negotiator": {
      "version": "0.4.7",
      "resolved": "https://registry.npmjs.org/negotiator/-/negotiator-0.4.7.tgz",
      "integrity": "sha512-ujxWwyRfZ6udAgHGECQC3JDO9e6UAsuItfUMcqA0Xf2OLNQTveFVFx+fHGIJ5p0MJaJrZyGQqPwzuN0NxJzEKA==",
      "license": "MIT",
      "engines": {
        "node": "*"
      }
    },
    "node_modules/node-uuid": {
      "version": "1.4.8",
      "resolved": "https://registry.npmjs.org/node-uuid/-/node-uuid-1.4.8.tgz",
      "integrity": "sha512-TkCET/3rr9mUuRp+CpO7qfgT++aAxfDRaalQhwPFzI9BY/2rCDn6OfpZOVggi1AXfTPpfkTrg5f5WQx5G1uLxA==",
      "deprecated": "Use uuid module instead",
      "bin": {
        "uuid": "bin/uuid"
      }
    },
    "node_modules/only": {
      "version": "0.0.2",
      "resolved": "https://registry.npmjs.org/only/-/only-0.0.2.tgz",
      "integrity": "sha512-Fvw+Jemq5fjjyWz6CpKx6w9s7xxqo3+JCyM0WXWeCSOboZ8ABkyvP8ID4CZuChA/wxSx+XSJmdOm8rGVyJ1hdQ=="
    },
    "node_modules/packet-reader": {
      "version": "0.2.0",
      "resolved": "https://registry.npmjs.org/packet-reader/-/packet-reader-0.2.0.tgz",
      "integrity": "sha512-3GnoJ2cKeSgikX3llywfuefjtkokRfzySXO2H3bDwVguclnpkvjYcBsQNfCcUpwUKRK+4IhhCD18/rLMVOH+aQ==",
      "license": "MIT"
    },
    "node_modules/passport": {
      "version": "0.7.0",
      "resolved": "https://registry.npmjs.org/passport/-/passport-0.7.0.tgz",
      "integrity": "sha512-cPLl+qZpSc+ireUvt+IzqbED1cHHkDoVYMo30jbJIdOOjQ1MQYZBPiNvmi8UM6lJuOpTPXJGZQk0DtC4y61MYQ==",
      "license": "MIT",
      "dependencies": {
        "passport-strategy": "1.x.x",
        "pause": "0.0.1",
        "utils-merge": "^1.0.1"
      },
      "engines": {
        "node": ">= 0.4.0"
      },
      "funding": {
        "type": "github",
        "url": "https://github.com/sponsors/jaredhanson"
      }
    },
    "node_modules/passport-strategy": {
      "version": "1.0.0",
      "resolved": "https://registry.npmjs.org/passport-strategy/-/passport-strategy-1.0.0.tgz",
      "integrity": "sha512-CB97UUvDKJde2V0KDWWB3lyf6PC3FaZP7YxZ2G8OAtn9p4HI9j9JLP9qjOGZFvyl8uwNT8qM+hGnz/n16NI7oA==",
      "engines": {
        "node": ">= 0.4.0"
      }
    },
    "node_modules/path-to-regexp": {
      "version": "1.9.0",
      "resolved": "https://registry.npmjs.org/path-to-regexp/-/path-to-regexp-1.9.0.tgz",
      "integrity": "sha512-xIp7/apCFJuUHdDLWe8O1HIkb0kQrOMb/0u6FXQjemHn/ii5LrIzU6bdECnsiTF/GjZkMEKg1xdiZwNqDYlZ6g==",
      "license": "MIT",
      "dependencies": {
        "isarray": "0.0.1"
      }
    },
    "node_modules/pause": {
      "version": "0.0.1",
      "resolved": "https://registry.npmjs.org/pause/-/pause-0.0.1.tgz",
      "integrity": "sha512-KG8UEiEVkR3wGEb4m5yZkVCzigAD+cVEJck2CzYZO37ZGJfctvVptVO192MwrtPhzONn6go8ylnOdMhKqi4nfg=="
    },
    "node_modules/pg": {
      "version": "3.6.4",
      "resolved": "https://registry.npmjs.org/pg/-/pg-3.6.4.tgz",
      "integrity": "sha512-SG/KeA0Tg81h7oOmSEsEX7e/i5OvBQO+/Hp6T/qyAyK7Zl3UcvAC+j6ZkL4LIR6Sl5IEWeYdVw8wODD+Tgt9HA==",
      "hasInstallScript": true,
      "dependencies": {
        "bindings": "1.2.1",
        "buffer-writer": "1.0.0",
        "generic-pool": "2.1.1",
        "js-string-escape": "1.0.1",
        "nan": "1.3.0",
        "packet-reader": "0.2.0",
        "pg-connection-string": "0.1.3",
        "pg-types": "1.6.0",
        "pgpass": "0.0.3"
      },
      "engines": {
        "node": ">= 0.8.0"
      }
    },
    "node_modules/pg-connection-string": {
      "version": "0.1.3",
      "resolved": "https://registry.npmjs.org/pg-connection-string/-/pg-connection-string-0.1.3.tgz",
      "integrity": "sha512-i0NV/CrSkFTaiOQs9AGy3tq0dkSjtTd4d7DfsjeDVZAA4aIHInwfFEmriNYGGJUfZ5x6IAC/QddoUpUJjQAi0w==",
      "license": "MIT"
    },
    "node_modules/pg-types": {
      "version": "1.6.0",
      "resolved": "https://registry.npmjs.org/pg-types/-/pg-types-1.6.0.tgz",
      "integrity": "sha512-oWZTplpRAP8TdBudu5bepWxabwNjufdo5r+eHBRHE8kVjakDiXTU8t2pxPO4pcYHrBo2V5WQ6AGBD2NbY3AKIg==",
      "license": "MIT"
    },
    "node_modules/pgpass": {
      "version": "0.0.3",
      "resolved": "https://registry.npmjs.org/pgpass/-/pgpass-0.0.3.tgz",
      "integrity": "sha512-vpofpV3oINNktrj0tSskXXvBsOJErO4bk8JYqOQBQ8LzAszJiaNDihidDgDITClZQS6Be9dRROQJoRNMMCELxQ==",
      "license": "BSD-2-Clause",
      "dependencies": {
        "split": "~0.3"
      }
    },
    "node_modules/qs": {
      "version": "2.3.3",
      "resolved": "https://registry.npmjs.org/qs/-/qs-2.3.3.tgz",
      "integrity": "sha512-f5M0HQqZWkzU8GELTY8LyMrGkr3bPjKoFtTkwUEqJQbcljbeK8M7mliP9Ia2xoOI6oMerp+QPS7oYJtpGmWe/A=="
    },
    "node_modules/raw-body": {
      "version": "1.3.4",
      "resolved": "https://registry.npmjs.org/raw-body/-/raw-body-1.3.4.tgz",
      "integrity": "sha512-ZC2kBq6BsR0uK441H5SvGH9H+hRpTKVRjvlI6BhLOJrih3oGbGRYdFyyKKESw4/hjzJEr4cZkQgbuU52s63MOQ==",
      "deprecated": "No longer maintained. Please upgrade to a stable version.",
      "license": "MIT",
      "dependencies": {
        "bytes": "1.0.0",
        "iconv-lite": "0.4.8"
      },
      "engines": {
        "node": ">= 0.8.0"
      }
    },
    "node_modules/redis": {
      "version": "0.10.3",
      "resolved": "https://registry.npmjs.org/redis/-/redis-0.10.3.tgz",
      "integrity": "sha512-oVblZDvWa0J03abo+nB4X7XlIlrfp7UF57fQmHe9X7aO5y/aUuxxXOyq8ZdjhMTnto3n9fQXX2flhXU7DP6RYQ=="
    },
    "node_modules/sequelize": {
      "version": "1.7.11",
      "resolved": "https://registry.npmjs.org/sequelize/-/sequelize-1.7.11.tgz",
      "integrity": "sha512-makU1O9sDX+0sHJCtyKSITFDaEXQ/Et+IejGXBvGVR1ef+G2HbOWtZut6u8iQWFtHNSkC0ttpU/1dMkbD1LooQ==",
      "deprecated": "Please update to v6 or higher! A migration guide can be found here: https://sequelize.org/v6/manual/upgrade-to-v6.html",
      "license": "MIT",
      "dependencies": {
        "bluebird": "~1.0.0",
        "circular-json": "~0.1.5",
        "commander": "~2.1.0",
        "dottie": "0.1.0",
        "generic-pool": "2.0.4",
        "lingo": "~0.0.5",
        "lodash": "~2.4.0",
        "moment": "~2.5.0",
        "node-uuid": "~1.4.1",
        "sql": "~0.35.0",
        "toposort-class": "~0.3.0",
        "underscore.string": "~2.3.0",
        "validator": "~3.2.0"
      },
      "bin": {
        "sequelize-legacy": "bin/sequelize"
      },
      "engines": {
        "node": ">=0.6.21"
      }
    },
    "node_modules/sequelize/node_modules/dottie": {
      "version": "0.1.0",
      "resolved": "https://registry.npmjs.org/dottie/-/dottie-0.1.0.tgz",
      "integrity": "sha512-Tnx8L5FZFS6fbUMsk/NIVMrg+RI4t7wO5r+MzBEC3gr3yVAzPKt62ZDcQK6NsYg70Q20i1YU4LnLYb1S7Dud+A==",
      "deprecated": "Package no longer supported. Contact Support at https://www.npmjs.com/support for more info."
    },
    "node_modules/sequelize/node_modules/generic-pool": {
      "version": "2.0.4",
      "resolved": "https://registry.npmjs.org/generic-pool/-/generic-pool-2.0.4.tgz",
      "integrity": "sha512-xcsu0Ilg9g5C1uGgx6AriaM+3i5kSrFQ40SFjE4db27Saxq+yoI2QqMa+zmpd4xeoVmtwUD3sc9mQSaQszHuaA==",
      "engines": {
        "node": ">= 0.2.0"
      }
    },
    "node_modules/sequelize/node_modules/lodash": {
      "version": "2.4.2",
      "resolved": "https://registry.npmjs.org/lodash/-/lodash-2.4.2.tgz",
      "integrity": "sha512-Kak1hi6/hYHGVPmdyiZijoQyz5x2iGVzs6w9GYB/HiXEtylY7tIoYEROMjvM1d9nXJqPOrG2MNPMn01bJ+S0Rw==",
      "engines": [
        "node",
        "rhino"
      ],
      "license": "MIT"
    },
    "node_modules/sequelize/node_modules/validator": {
      "version": "3.2.1",
      "resolved": "https://registry.npmjs.org/validator/-/validator-3.2.1.tgz",
      "integrity": "sha512-0Zl1Jv1OhVH6jmcGaLl/Lx21sCOAxEdABUxmNIjmqFsXgPZDzrs93GMviy2va/8QRnIvTHYp0E96iHSNx0Hr/Q==",
      "engines": {
        "node": ">= 0.8"
      }
    },
    "node_modules/sliced": {
      "version": "0.0.5",
      "resolved": "https://registry.npmjs.org/sliced/-/sliced-0.0.5.tgz",
      "integrity": "sha512-9bYT917D6H3+q8GlQBJmLVz3bc4OeVGfZ2BB12wvLnluTGfG6/8UdOUbKJDW1EEx9SZMDbjnatkau5/XcUeyOw==",
      "deprecated": "Unsupported",
      "license": "MIT"
    },
    "node_modules/split": {
      "version": "0.3.3",
      "resolved": "https://registry.npmjs.org/split/-/split-0.3.3.tgz",
      "integrity": "sha512-wD2AeVmxXRBoX44wAycgjVpMhvbwdI2aZjCkvfNcH1YqHQvJVa1duWc73OyVGJUc05fhFaTZeQ/PYsrmyH0JVA==",
      "license": "MIT",
      "dependencies": {
        "through": "2"
      },
      "engines": {
        "node": "*"
      }
    },
    "node_modules/sql": {
      "version": "0.35.0",
      "resolved": "https://registry.npmjs.org/sql/-/sql-0.35.0.tgz",
      "integrity": "sha512-i41LoP25wbGiWN3dAyZspon1SGNTCkWz/0DW2NuRVInatOdQQFtQ472A7zjrKyEJMuiMVu/B8Gjr+axHE8CRBA==",
      "dependencies": {
        "lodash": "1.3.x",
        "sliced": "0.0.x"
      },
      "engines": {
        "node": "*"
      }
    },
    "node_modules/sql/node_modules/lodash": {
      "version": "1.3.1",
      "resolved": "https://registry.npmjs.org/lodash/-/lodash-1.3.1.tgz",
      "integrity": "sha512-F7AB8u+6d00CCgnbjWzq9fFLpzOMCgq6mPjOW4+8+dYbrnc0obRrC+IHctzfZ1KKTQxX0xo/punrlpOWcf4gpw==",
      "engines": [
        "node",
        "rhino"
      ],
      "license": "MIT"
    },
    "node_modules/starship": {
      "version": "0.0.0",
      "resolved": "https://registry.npmjs.org/starship/-/starship-0.0.0.tgz",
      "integrity": "sha512-BCUdNTEp2hUeK1O3Utu7glpHrrxytHW4OR2JlJEPF1y8yF3gMr0RivbriSiAlCztajsLZXYeBYK7L5JmNzhFhw==",
      "license": "MIT",
      "dependencies": {
        "deep-extend": "^0.2.8",
        "koa": "0.5.*",
        "koa-bodyparser": "^1.0.1",
        "koa-methodoverride": "^0.3.1",
        "koa-passport": "^0.3.1",
        "koa-redis": "^0.1.0",
        "koa-router": "^3.1.3",
        "koa-sess": "^0.3.1",
        "koa-static-cache": "^1.0.9",
        "pg": "^3.0.3",
        "sequelize": "1.7.*"
      }
    },
    "node_modules/starship/node_modules/deep-extend": {
      "version": "0.2.11",
      "resolved": "https://registry.npmjs.org/deep-extend/-/deep-extend-0.2.11.tgz",
      "integrity": "sha512-t2N+4ihO7YgydJOUI47I6GdXpONJ+jUZmYeTNiifALaEduiCja1mKcq3tuSp0RhA9mMfxdMN3YskpwB7puMAtw==",
      "license": "MIT",
      "engines": {
        "node": ">=0.4"
      }
    },
    "node_modules/statuses": {
      "version": "1.0.4",
      "resolved": "https://registry.npmjs.org/statuses/-/statuses-1.0.4.tgz",
      "integrity": "sha512-GGd3mCpMMbcG/2T2GmDvJyL3sqn61uWSOL/4Fe2bGP3YCLiAioC1jHD5eNVhZrvPCMspr+uJQ4rsiDj2drppvg==",
      "license": "MIT"
    },
    "node_modules/thenify": {
      "version": "3.3.1",
      "resolved": "https://registry.npmjs.org/thenify/-/thenify-3.3.1.tgz",
      "integrity": "sha512-RVZSIV5IG10Hk3enotrhvz0T9em6cyHBLkH/YAZuKqd8hRkKhSfCGIcP2KUY0EPxndzANBmNllzWPwak+bheSw==",
      "license": "MIT",
      "dependencies": {
        "any-promise": "^1.0.0"
      }
    },
    "node_modules/through": {
      "version": "2.3.8",
      "resolved": "https://registry.npmjs.org/through/-/through-2.3.8.tgz",
      "integrity": "sha512-w89qg7PI8wAdvX60bMDP+bFoD5Dvhm9oLheFp5O4a2QF0cSBGsBX4qZmadPMvVqlLJBBci+WqGGOAPvcDeNSVg==",
      "license": "MIT"
    },
    "node_modules/toposort-class": {
      "version": "0.3.1",
      "resolved": "https://registry.npmjs.org/toposort-class/-/toposort-class-0.3.1.tgz",
      "integrity": "sha512-r8y3rqJ0FlmH+ZpXj3tKDw8fhLqRVH9rUFdal5p29Y/Xg50TM+PIkOPu2P/w/KxHViwfRQKvRdYg7G937TALkg==",
      "license": "MIT"
    },
    "node_modules/type-is": {
      "version": "1.1.0",
      "resolved": "https://registry.npmjs.org/type-is/-/type-is-1.1.0.tgz",
      "integrity": "sha512-bGTRFAlk7i/YYyx/d1xYm6gLrALwTcY2HLwsVqAIPKJjjtlI/rGXRgjQrcOln2fcHCbAqi0hrueZ2yPnHvCipQ==",
      "license": "MIT",
      "dependencies": {
        "mime": "~1.2.11"
      }
    },
    "node_modules/uid2": {
      "version": "1.0.0",
      "resolved": "https://registry.npmjs.org/uid2/-/uid2-1.0.0.tgz",
      "integrity": "sha512-+I6aJUv63YAcY9n4mQreLUt0d4lvwkkopDNmpomkAUz0fAkEMV9pRWxN0EjhW1YfRhcuyHg2v3mwddCDW1+LFQ==",
      "license": "MIT",
      "engines": {
        "node": ">= 4.0.0"
      }
    },
    "node_modules/underscore.string": {
      "version": "2.3.3",
      "resolved": "https://registry.npmjs.org/underscore.string/-/underscore.string-2.3.3.tgz",
      "integrity": "sha512-hbD5MibthuDAu4yA5wxes5bzFgqd3PpBJuClbRxaNddxfdsz+qf+1kHwrGQFrmchmDHb9iNU+6EHDn8uj0xDJg==",
      "engines": {
        "node": "*"
      }
    },
    "node_modules/utils-merge": {
      "version": "1.0.1",
      "resolved": "https://registry.npmjs.org/utils-merge/-/utils-merge-1.0.1.tgz",
      "integrity": "sha512-pMZTvIkT1d+TFGvDOqodOclx0QWkkgi6Tdoa8gC8ffGAAqz9pzPTZWAybbsHHoED/ztMtkv/VoYTYyShUn81hA==",
      "license": "MIT",
      "engines": {
        "node": ">= 0.4.0"
      }
    },
    "node_modules/validator": {
      "version": "13.15.35",
      "resolved": "https://registry.npmjs.org/validator/-/validator-13.15.35.tgz",
      "integrity": "sha512-TQ5pAGhd5whStmqWvYF4OjQROlmv9SMFVt37qoCBdqRffuuklWYQlCNnEs2ZaIBD1kZRNnikiZOS1eqgkar0iw==",
      "license": "MIT",
      "engines": {
        "node": ">= 0.10"
      }
    },
    "node_modules/wru": {
      "version": "0.3.0",
      "resolved": "https://registry.npmjs.org/wru/-/wru-0.3.0.tgz",
      "integrity": "sha512-294knNvn7bp/wPaerDGyq77Kl2Hdw3xVc0fXpjw/LbT3gmU1+CCXKaxpFAwr1NptVJUNybmG+Dbq6eMYZE4sTg==",
      "deprecated": "Sorry folks, no time to maintain this good old friend",
      "bin": {
        "wru": "node/program.js"
      },
      "engines": {
        "node": ">= 0.4.0"
      }
    }
  }
}
